
Microsoft Visual Studio Solution File, Format Version 12.00
# Visual Studio Version 17
VisualStudioVersion = 17.6.33815.320
MinimumVisualStudioVersion = 10.0.40219.1
Project("{9A19103F-16F7-4668-BE54-9A1E7A4F7556}") = "Desafios", "Desafios.csproj", "{AF19A8A7-7EF9-4807-BA61-7C9DEAAF63F8}"
EndProject
Project("{FAE04EC0-301F-11D3-BF4B-00C04F79EFBC}") = "ExsSequencial", "..\ExsSequencial\ExsSequencial.csproj", "{6DC8FF58-628F-48A5-87BC-570AD9EF830D}"
EndProject
Project("{FAE04EC0-301F-11D3-BF4B-00C04F79EFBC}") = "ExsCondicional", "..\ExsCondicional\ExsCondicional.csproj", "{39702C4C-A03C-4E79-8361-764246C64A2E}"
EndProject
Project("{FAE04EC0-301F-11D3-BF4B-00C04F79EFBC}") = "ExsWhile", "..\ExsWhile\ExsWhile.csproj", "{C8F8D31F-B689-4903-9929-F51741370A55}"
EndProject
Project("{FAE04EC0-301F-11D3-BF4B-00C04F79EFBC}") = "ExsFor", "..\ExsFor\ExsFor.csproj", "{C728E7C2-6961-471A-8738-568A2FD2FF79}"
EndProject
Global
	GlobalSection(SolutionConfigurationPlatforms) = preSolution
		Debug|Any CPU = Debug|Any CPU
		Release|Any CPU = Release|Any CPU
	EndGlobalSection
	GlobalSection(ProjectConfigurationPlatforms) = postSolution
		{AF19A8A7-7EF9-4807-BA61-7C9DEAAF63F8}.Debug|Any CPU.ActiveCfg = Debug|Any CPU
		{AF19A8A7-7EF9-4807-BA61-7C9DEAAF63F8}.Debug|Any CPU.Build.0 = Debug|Any CPU
		{AF19A8A7-7EF9-4807-BA61-7C9DEAAF63F8}.Release|Any CPU.ActiveCfg = Release|Any CPU
		{AF19A8A7-7EF9-4807-BA61-7C9DEAAF63F8}.Release|Any CPU.Build.0 = Release|Any CPU
		{6DC8FF58-628F-48A5-87BC-570AD9EF830D}.Debug|Any CPU.ActiveCfg = Debug|Any CPU
		{6DC8FF58-628F-48A5-87BC-570AD9EF830D}.Debug|Any CPU.Build.0 = Debug|Any CPU
		{6DC8FF58-628F-48A5-87BC-570AD9EF830D}.Release|Any CPU.ActiveCfg = Release|Any CPU
		{6DC8FF58-628F-48A5-87BC-570AD9EF830D}.Release|Any CPU.Build.0 = Release|Any CPU
		{39702C4C-A03C-4E79-8361-764246C64A2E}.Debug|Any CPU.ActiveCfg = Debug|Any CPU
		{39702C4C-A03C-4E79-8361-764246C64A2E}.Debug|Any CPU.Build.0 = Debug|Any CPU
		{39702C4C-A03C-4E79-8361-764246C64A2E}.Release|Any CPU.ActiveCfg = Release|Any CPU
		{39702C4C-A03C-4E79-8361-764246C64A2E}.Release|Any CPU.Build.0 = Release|Any CPU
		{C8F8D31F-B689-4903-9929-F51741370A55}.Debug|Any CPU.ActiveCfg = Debug|Any CPU
		{C8F8D31F-B689-4903-9929-F51741370A55}.Debug|Any CPU.Build.0 = Debug|Any CPU
		{C8F8D31F-B689-4903-9929-F51741370A55}.Release|Any CPU.ActiveCfg = Release|Any CPU
		{C8F8D31F-B689-4903-9929-F51741370A55}.Release|Any CPU.Build.0 = Release|Any CPU
		{C728E7C2-6961-471A-8738-568A2FD2FF79}.Debug|Any CPU.ActiveCfg = Debug|Any CPU
		{C728E7C2-6961-471A-8738-568A2FD2FF79}.Debug|Any CPU.Build.0 = Debug|Any CPU
		{C728E7C2-6961-471A-8738-568A2FD2FF79}.Release|Any CPU.ActiveCfg = Release|Any CPU
		{C728E7C2-6961-471A-8738-568A2FD2FF79}.Release|Any CPU.Build.0 = Release|Any CPU
	EndGlobalSection
	GlobalSection(SolutionProperties) = preSolution
		HideSolutionNode = FALSE
	EndGlobalSection
	GlobalSection(ExtensibilityGlobals) = postSolution
		SolutionGuid = {AD9FFA6F-8A6C-4A47-98B9-9CBEE9B63806}
	EndGlobalSection
EndGlobal
